
Microsoft Visual Studio Solution File, Format Version 12.00
# Visual Studio 15
VisualStudioVersion = 15.0.28307.2092
MinimumVisualStudioVersion = 10.0.40219.1
Project("{FAE04EC0-301F-11D3-BF4B-00C04F79EFBC}") = "BL", "BL\BL.csproj", "{68C8E387-102B-4B2C-B7A7-6B2E73556852}"
EndProject
Project("{FAE04EC0-301F-11D3-BF4B-00C04F79EFBC}") = "DL", "DL\DL.csproj", "{A4880AF5-0771-47C6-9C33-FB549D0044AF}"
EndProject
Project("{FAE04EC0-301F-11D3-BF4B-00C04F79EFBC}") = "iTools", "iTools\iTools.csproj", "{8BF0FC5A-28C0-4335-A58E-0553B231AC4B}"
EndProject
Global
	GlobalSection(SolutionConfigurationPlatforms) = preSolution
		Debug|Any CPU = Debug|Any CPU
		Release|Any CPU = Release|Any CPU
	EndGlobalSection
	GlobalSection(ProjectConfigurationPlatforms) = postSolution
		{68C8E387-102B-4B2C-B7A7-6B2E73556852}.Debug|Any CPU.ActiveCfg = Debug|Any CPU
		{68C8E387-102B-4B2C-B7A7-6B2E73556852}.Debug|Any CPU.Build.0 = Debug|Any CPU
		{68C8E387-102B-4B2C-B7A7-6B2E73556852}.Release|Any CPU.ActiveCfg = Release|Any CPU
		{68C8E387-102B-4B2C-B7A7-6B2E73556852}.Release|Any CPU.Build.0 = Release|Any CPU
		{A4880AF5-0771-47C6-9C33-FB549D0044AF}.Debug|Any CPU.ActiveCfg = Debug|Any CPU
		{A4880AF5-0771-47C6-9C33-FB549D0044AF}.Debug|Any CPU.Build.0 = Debug|Any CPU
		{A4880AF5-0771-47C6-9C33-FB549D0044AF}.Release|Any CPU.ActiveCfg = Release|Any CPU
		{A4880AF5-0771-47C6-9C33-FB549D0044AF}.Release|Any CPU.Build.0 = Release|Any CPU
		{8BF0FC5A-28C0-4335-A58E-0553B231AC4B}.Debug|Any CPU.ActiveCfg = Debug|Any CPU
		{8BF0FC5A-28C0-4335-A58E-0553B231AC4B}.Debug|Any CPU.Build.0 = Debug|Any CPU
		{8BF0FC5A-28C0-4335-A58E-0553B231AC4B}.Release|Any CPU.ActiveCfg = Release|Any CPU
		{8BF0FC5A-28C0-4335-A58E-0553B231AC4B}.Release|Any CPU.Build.0 = Release|Any CPU
	EndGlobalSection
	GlobalSection(SolutionProperties) = preSolution
		HideSolutionNode = FALSE
	EndGlobalSection
	GlobalSection(ExtensibilityGlobals) = postSolution
		SolutionGuid = {9BE2F87C-5576-483E-A6AF-45E5A8637DAE}
	EndGlobalSection
EndGlobal
